Microsoft Visual Studio Solution File, Format Version 12.00
# Visual Studio Version 17
VisualStudioVersion = 17.10.35122.118
MinimumVisualStudioVersion = 10.0.40219.1
Project("{9A19103F-16F7-4668-BE54-9A1E7A4F7556}") = "LighthouseManager", "LighthouseManager\LighthouseManager.csproj", "{5D59A117-8230-4954-B732-909C82EEF0D2}"
EndProject
Project("{9A19103F-16F7-4668-BE54-9A1E7A4F7556}") = "LighthouseManagerService", "LighthouseManagerService\LighthouseManagerService.csproj", "{9B148C67-7EE4-4363-8268-72A5EF10C12F}"
EndProject
Project("{9A19103F-16F7-4668-BE54-9A1E7A4F7556}") = "LighthouseManager.Shared", "LighthouseManager.Shared\LighthouseManager.Shared.csproj", "{44CCD0BA-33A1-4BC0-81BC-5E5439CD94B5}"
EndProject
Project("{2150E333-8FDC-42A3-9474-1A3956D46DE8}") = "Solution Items", "Solution Items", "{CAB0167B-48F9-48F9-89BE-D60F8F7F13AB}"
	ProjectSection(SolutionItems) = preProject
		.editorconfig = .editorconfig
	EndProjectSection
EndProject
Project("{B7DD6F7E-DEF8-4E67-B5B7-07EF123DB6F0}") = "LighthouseManager-Setup", "LighthouseManager-Setup\LighthouseManager-Setup.wixproj", "{F978E800-3650-468F-8603-0C3722F8B8E1}"
	ProjectSection(ProjectDependencies) = postProject
		{44CCD0BA-33A1-4BC0-81BC-5E5439CD94B5} = {44CCD0BA-33A1-4BC0-81BC-5E5439CD94B5}
	EndProjectSection
EndProject
Global
	GlobalSection(SolutionConfigurationPlatforms) = preSolution
		All|Any CPU = All|Any CPU
		All|ARM64 = All|ARM64
		All|x64 = All|x64
		All|x86 = All|x86
		Debug|Any CPU = Debug|Any CPU
		Debug|ARM64 = Debug|ARM64
		Debug|x64 = Debug|x64
		Debug|x86 = Debug|x86
		DefaultBuild|Any CPU = DefaultBuild|Any CPU
		DefaultBuild|ARM64 = DefaultBuild|ARM64
		DefaultBuild|x64 = DefaultBuild|x64
		DefaultBuild|x86 = DefaultBuild|x86
		Release|Any CPU = Release|Any CPU
		Release|ARM64 = Release|ARM64
		Release|x64 = Release|x64
		Release|x86 = Release|x86
	EndGlobalSection
	GlobalSection(ProjectConfigurationPlatforms) = postSolution
		{5D59A117-8230-4954-B732-909C82EEF0D2}.All|Any CPU.ActiveCfg = Release|Any CPU
		{5D59A117-8230-4954-B732-909C82EEF0D2}.All|Any CPU.Build.0 = Release|Any CPU
		{5D59A117-8230-4954-B732-909C82EEF0D2}.All|ARM64.ActiveCfg = Debug|Any CPU
		{5D59A117-8230-4954-B732-909C82EEF0D2}.All|ARM64.Build.0 = Debug|Any CPU
		{5D59A117-8230-4954-B732-909C82EEF0D2}.All|x64.ActiveCfg = Release|x64
		{5D59A117-8230-4954-B732-909C82EEF0D2}.All|x64.Build.0 = Release|x64
		{5D59A117-8230-4954-B732-909C82EEF0D2}.All|x86.ActiveCfg = Debug|Any CPU
		{5D59A117-8230-4954-B732-909C82EEF0D2}.All|x86.Build.0 = Debug|Any CPU
		{5D59A117-8230-4954-B732-909C82EEF0D2}.Debug|Any CPU.ActiveCfg = Debug|Any CPU
		{5D59A117-8230-4954-B732-909C82EEF0D2}.Debug|Any CPU.Build.0 = Debug|Any CPU
		{5D59A117-8230-4954-B732-909C82EEF0D2}.Debug|ARM64.ActiveCfg = Debug|Any CPU
		{5D59A117-8230-4954-B732-909C82EEF0D2}.Debug|ARM64.Build.0 = Debug|Any CPU
		{5D59A117-8230-4954-B732-909C82EEF0D2}.Debug|x64.ActiveCfg = Debug|x64
		{5D59A117-8230-4954-B732-909C82EEF0D2}.Debug|x64.Build.0 = Debug|x64
		{5D59A117-8230-4954-B732-909C82EEF0D2}.Debug|x86.ActiveCfg = Debug|Any CPU
		{5D59A117-8230-4954-B732-909C82EEF0D2}.Debug|x86.Build.0 = Debug|Any CPU
		{5D59A117-8230-4954-B732-909C82EEF0D2}.DefaultBuild|Any CPU.ActiveCfg = Debug|Any CPU
		{5D59A117-8230-4954-B732-909C82EEF0D2}.DefaultBuild|Any CPU.Build.0 = Debug|Any CPU
		{5D59A117-8230-4954-B732-909C82EEF0D2}.DefaultBuild|ARM64.ActiveCfg = Debug|Any CPU
		{5D59A117-8230-4954-B732-909C82EEF0D2}.DefaultBuild|ARM64.Build.0 = Debug|Any CPU
		{5D59A117-8230-4954-B732-909C82EEF0D2}.DefaultBuild|x64.ActiveCfg = Debug|x64
		{5D59A117-8230-4954-B732-909C82EEF0D2}.DefaultBuild|x64.Build.0 = Debug|x64
		{5D59A117-8230-4954-B732-909C82EEF0D2}.DefaultBuild|x86.ActiveCfg = Debug|Any CPU
		{5D59A117-8230-4954-B732-909C82EEF0D2}.DefaultBuild|x86.Build.0 = Debug|Any CPU
		{5D59A117-8230-4954-B732-909C82EEF0D2}.Release|Any CPU.ActiveCfg = Release|Any CPU
		{5D59A117-8230-4954-B732-909C82EEF0D2}.Release|Any CPU.Build.0 = Release|Any CPU
		{5D59A117-8230-4954-B732-909C82EEF0D2}.Release|ARM64.ActiveCfg = Release|Any CPU
		{5D59A117-8230-4954-B732-909C82EEF0D2}.Release|ARM64.Build.0 = Release|Any CPU
		{5D59A117-8230-4954-B732-909C82EEF0D2}.Release|x64.ActiveCfg = Release|Any CPU
		{5D59A117-8230-4954-B732-909C82EEF0D2}.Release|x64.Build.0 = Release|Any CPU
		{5D59A117-8230-4954-B732-909C82EEF0D2}.Release|x86.ActiveCfg = Release|Any CPU
		{5D59A117-8230-4954-B732-909C82EEF0D2}.Release|x86.Build.0 = Release|Any CPU
		{9B148C67-7EE4-4363-8268-72A5EF10C12F}.All|Any CPU.ActiveCfg = Release|Any CPU
		{9B148C67-7EE4-4363-8268-72A5EF10C12F}.All|Any CPU.Build.0 = Release|Any CPU
		{9B148C67-7EE4-4363-8268-72A5EF10C12F}.All|ARM64.ActiveCfg = Debug|Any CPU
		{9B148C67-7EE4-4363-8268-72A5EF10C12F}.All|ARM64.Build.0 = Debug|Any CPU
		{9B148C67-7EE4-4363-8268-72A5EF10C12F}.All|x64.ActiveCfg = Release|x64
		{9B148C67-7EE4-4363-8268-72A5EF10C12F}.All|x64.Build.0 = Release|x64
		{9B148C67-7EE4-4363-8268-72A5EF10C12F}.All|x86.ActiveCfg = Debug|Any CPU
		{9B148C67-7EE4-4363-8268-72A5EF10C12F}.All|x86.Build.0 = Debug|Any CPU
		{9B148C67-7EE4-4363-8268-72A5EF10C12F}.Debug|Any CPU.ActiveCfg = Debug|Any CPU
		{9B148C67-7EE4-4363-8268-72A5EF10C12F}.Debug|Any CPU.Build.0 = Debug|Any CPU
		{9B148C67-7EE4-4363-8268-72A5EF10C12F}.Debug|ARM64.ActiveCfg = Debug|Any CPU
		{9B148C67-7EE4-4363-8268-72A5EF10C12F}.Debug|ARM64.Build.0 = Debug|Any CPU
		{9B148C67-7EE4-4363-8268-72A5EF10C12F}.Debug|x64.ActiveCfg = Debug|x64
		{9B148C67-7EE4-4363-8268-72A5EF10C12F}.Debug|x64.Build.0 = Debug|x64
		{9B148C67-7EE4-4363-8268-72A5EF10C12F}.Debug|x86.ActiveCfg = Debug|Any CPU
		{9B148C67-7EE4-4363-8268-72A5EF10C12F}.Debug|x86.Build.0 = Debug|Any CPU
		{9B148C67-7EE4-4363-8268-72A5EF10C12F}.DefaultBuild|Any CPU.ActiveCfg = Debug|Any CPU
		{9B148C67-7EE4-4363-8268-72A5EF10C12F}.DefaultBuild|Any CPU.Build.0 = Debug|Any CPU
		{9B148C67-7EE4-4363-8268-72A5EF10C12F}.DefaultBuild|ARM64.ActiveCfg = Debug|Any CPU
		{9B148C67-7EE4-4363-8268-72A5EF10C12F}.DefaultBuild|ARM64.Build.0 = Debug|Any CPU
		{9B148C67-7EE4-4363-8268-72A5EF10C12F}.DefaultBuild|x64.ActiveCfg = Debug|x64
		{9B148C67-7EE4-4363-8268-72A5EF10C12F}.DefaultBuild|x64.Build.0 = Debug|x64
		{9B148C67-7EE4-4363-8268-72A5EF10C12F}.DefaultBuild|x86.ActiveCfg = Debug|Any CPU
		{9B148C67-7EE4-4363-8268-72A5EF10C12F}.DefaultBuild|x86.Build.0 = Debug|Any CPU
		{9B148C67-7EE4-4363-8268-72A5EF10C12F}.Release|Any CPU.ActiveCfg = Release|Any CPU
		{9B148C67-7EE4-4363-8268-72A5EF10C12F}.Release|Any CPU.Build.0 = Release|Any CPU
		{9B148C67-7EE4-4363-8268-72A5EF10C12F}.Release|ARM64.ActiveCfg = Release|Any CPU
		{9B148C67-7EE4-4363-8268-72A5EF10C12F}.Release|ARM64.Build.0 = Release|Any CPU
		{9B148C67-7EE4-4363-8268-72A5EF10C12F}.Release|x64.ActiveCfg = Release|Any CPU
		{9B148C67-7EE4-4363-8268-72A5EF10C12F}.Release|x64.Build.0 = Release|Any CPU
		{9B148C67-7EE4-4363-8268-72A5EF10C12F}.Release|x86.ActiveCfg = Release|Any CPU
		{9B148C67-7EE4-4363-8268-72A5EF10C12F}.Release|x86.Build.0 = Release|Any CPU
		{44CCD0BA-33A1-4BC0-81BC-5E5439CD94B5}.All|Any CPU.ActiveCfg = Release|Any CPU
		{44CCD0BA-33A1-4BC0-81BC-5E5439CD94B5}.All|Any CPU.Build.0 = Release|Any CPU
		{44CCD0BA-33A1-4BC0-81BC-5E5439CD94B5}.All|ARM64.ActiveCfg = Debug|Any CPU
		{44CCD0BA-33A1-4BC0-81BC-5E5439CD94B5}.All|ARM64.Build.0 = Debug|Any CPU
		{44CCD0BA-33A1-4BC0-81BC-5E5439CD94B5}.All|x64.ActiveCfg = Release|x64
		{44CCD0BA-33A1-4BC0-81BC-5E5439CD94B5}.All|x64.Build.0 = Release|x64
		{44CCD0BA-33A1-4BC0-81BC-5E5439CD94B5}.All|x86.ActiveCfg = Debug|Any CPU
		{44CCD0BA-33A1-4BC0-81BC-5E5439CD94B5}.All|x86.Build.0 = Debug|Any CPU
		{44CCD0BA-33A1-4BC0-81BC-5E5439CD94B5}.Debug|Any CPU.ActiveCfg = Debug|Any CPU
		{44CCD0BA-33A1-4BC0-81BC-5E5439CD94B5}.Debug|Any CPU.Build.0 = Debug|Any CPU
		{44CCD0BA-33A1-4BC0-81BC-5E5439CD94B5}.Debug|ARM64.ActiveCfg = Debug|Any CPU
		{44CCD0BA-33A1-4BC0-81BC-5E5439CD94B5}.Debug|ARM64.Build.0 = Debug|Any CPU
		{44CCD0BA-33A1-4BC0-81BC-5E5439CD94B5}.Debug|x64.ActiveCfg = Debug|x64
		{44CCD0BA-33A1-4BC0-81BC-5E5439CD94B5}.Debug|x64.Build.0 = Debug|x64
		{44CCD0BA-33A1-4BC0-81BC-5E5439CD94B5}.Debug|x86.ActiveCfg = Debug|Any CPU
		{44CCD0BA-33A1-4BC0-81BC-5E5439CD94B5}.Debug|x86.Build.0 = Debug|Any CPU
		{44CCD0BA-33A1-4BC0-81BC-5E5439CD94B5}.DefaultBuild|Any CPU.ActiveCfg = Debug|Any CPU
		{44CCD0BA-33A1-4BC0-81BC-5E5439CD94B5}.DefaultBuild|Any CPU.Build.0 = Debug|Any CPU
		{44CCD0BA-33A1-4BC0-81BC-5E5439CD94B5}.DefaultBuild|ARM64.ActiveCfg = Debug|Any CPU
		{44CCD0BA-33A1-4BC0-81BC-5E5439CD94B5}.DefaultBuild|ARM64.Build.0 = Debug|Any CPU
		{44CCD0BA-33A1-4BC0-81BC-5E5439CD94B5}.DefaultBuild|x64.ActiveCfg = Debug|x64
		{44CCD0BA-33A1-4BC0-81BC-5E5439CD94B5}.DefaultBuild|x64.Build.0 = Debug|x64
		{44CCD0BA-33A1-4BC0-81BC-5E5439CD94B5}.DefaultBuild|x86.ActiveCfg = Debug|Any CPU
		{44CCD0BA-33A1-4BC0-81BC-5E5439CD94B5}.DefaultBuild|x86.Build.0 = Debug|Any CPU
		{44CCD0BA-33A1-4BC0-81BC-5E5439CD94B5}.Release|Any CPU.ActiveCfg = Release|Any CPU
		{44CCD0BA-33A1-4BC0-81BC-5E5439CD94B5}.Release|Any CPU.Build.0 = Release|Any CPU
		{44CCD0BA-33A1-4BC0-81BC-5E5439CD94B5}.Release|ARM64.ActiveCfg = Release|Any CPU
		{44CCD0BA-33A1-4BC0-81BC-5E5439CD94B5}.Release|ARM64.Build.0 = Release|Any CPU
		{44CCD0BA-33A1-4BC0-81BC-5E5439CD94B5}.Release|x64.ActiveCfg = Release|Any CPU
		{44CCD0BA-33A1-4BC0-81BC-5E5439CD94B5}.Release|x64.Build.0 = Release|Any CPU
		{44CCD0BA-33A1-4BC0-81BC-5E5439CD94B5}.Release|x86.ActiveCfg = Release|Any CPU
		{44CCD0BA-33A1-4BC0-81BC-5E5439CD94B5}.Release|x86.Build.0 = Release|Any CPU
		{F978E800-3650-468F-8603-0C3722F8B8E1}.All|Any CPU.ActiveCfg = Debug|x86
		{F978E800-3650-468F-8603-0C3722F8B8E1}.All|Any CPU.Build.0 = Debug|x86
		{F978E800-3650-468F-8603-0C3722F8B8E1}.All|ARM64.ActiveCfg = Debug|x86
		{F978E800-3650-468F-8603-0C3722F8B8E1}.All|ARM64.Build.0 = Debug|x86
		{F978E800-3650-468F-8603-0C3722F8B8E1}.All|x64.ActiveCfg = Debug|x86
		{F978E800-3650-468F-8603-0C3722F8B8E1}.All|x64.Build.0 = Debug|x86
		{F978E800-3650-468F-8603-0C3722F8B8E1}.All|x86.ActiveCfg = Debug|x86
		{F978E800-3650-468F-8603-0C3722F8B8E1}.All|x86.Build.0 = Debug|x86
		{F978E800-3650-468F-8603-0C3722F8B8E1}.Debug|Any CPU.ActiveCfg = Debug|x86
		{F978E800-3650-468F-8603-0C3722F8B8E1}.Debug|Any CPU.Build.0 = Debug|x86
		{F978E800-3650-468F-8603-0C3722F8B8E1}.Debug|ARM64.ActiveCfg = Debug|x86
		{F978E800-3650-468F-8603-0C3722F8B8E1}.Debug|ARM64.Build.0 = Debug|x86
		{F978E800-3650-468F-8603-0C3722F8B8E1}.Debug|x64.ActiveCfg = Debug|x86
		{F978E800-3650-468F-8603-0C3722F8B8E1}.Debug|x64.Build.0 = Debug|x86
		{F978E800-3650-468F-8603-0C3722F8B8E1}.Debug|x86.ActiveCfg = Debug|x86
		{F978E800-3650-468F-8603-0C3722F8B8E1}.Debug|x86.Build.0 = Debug|x86
		{F978E800-3650-468F-8603-0C3722F8B8E1}.DefaultBuild|Any CPU.ActiveCfg = Debug|x86
		{F978E800-3650-468F-8603-0C3722F8B8E1}.DefaultBuild|Any CPU.Build.0 = Debug|x86
		{F978E800-3650-468F-8603-0C3722F8B8E1}.DefaultBuild|ARM64.ActiveCfg = Debug|x86
		{F978E800-3650-468F-8603-0C3722F8B8E1}.DefaultBuild|ARM64.Build.0 = Debug|x86
		{F978E800-3650-468F-8603-0C3722F8B8E1}.DefaultBuild|x64.ActiveCfg = Debug|x86
		{F978E800-3650-468F-8603-0C3722F8B8E1}.DefaultBuild|x64.Build.0 = Debug|x86
		{F978E800-3650-468F-8603-0C3722F8B8E1}.DefaultBuild|x86.ActiveCfg = Debug|x86
		{F978E800-3650-468F-8603-0C3722F8B8E1}.DefaultBuild|x86.Build.0 = Debug|x86
		{F978E800-3650-468F-8603-0C3722F8B8E1}.Release|Any CPU.ActiveCfg = Release|x86
		{F978E800-3650-468F-8603-0C3722F8B8E1}.Release|Any CPU.Build.0 = Release|x86
		{F978E800-3650-468F-8603-0C3722F8B8E1}.Release|ARM64.ActiveCfg = Release|x86
		{F978E800-3650-468F-8603-0C3722F8B8E1}.Release|ARM64.Build.0 = Release|x86
		{F978E800-3650-468F-8603-0C3722F8B8E1}.Release|x64.ActiveCfg = Release|x86
		{F978E800-3650-468F-8603-0C3722F8B8E1}.Release|x64.Build.0 = Release|x86
		{F978E800-3650-468F-8603-0C3722F8B8E1}.Release|x86.ActiveCfg = Release|x86
		{F978E800-3650-468F-8603-0C3722F8B8E1}.Release|x86.Build.0 = Release|x86
	EndGlobalSection
	GlobalSection(SolutionProperties) = preSolution
		HideSolutionNode = FALSE
	EndGlobalSection
	GlobalSection(ExtensibilityGlobals) = postSolution
		SolutionGuid = {40609317-8C65-4C49-BA23-B5108F79EB77}
	EndGlobalSection
EndGlobal
